{
  "name": "@shepardliu/test-cli",
  "version": "1.0.2",
  "lockfileVersion": 3,
  "requires": true,
  "packages": {
    "": {
      "name": "@shepardliu/test-cli",
      "version": "1.0.2",
      "license": "ISC",
      "bin": {
        "sharp-test": "bin/index.js"
      }
    },
    "../../../../Users/17615/AppData/Roaming/nvm/v22.11.0/node_modules/test-cli-lib": {
      "version": "1.0.0",
      "extraneous": true,
      "license": "ISC",
      "devDependencies": {
        "test-cli-lib": "^1.0.0"
      }
    }
  }
}
